
Microsoft Visual Studio Solution File, Format Version 12.00
Project("{FAE04EC0-301F-11D3-BF4B-00C04F79EFBC}") = "SerialCom", "SerialCom\SerialCom.csproj", "{0A273D82-6194-4D36-BFF8-94CEBFB6C33D}"
EndProject
Global
	GlobalSection(SolutionConfigurationPlatforms) = preSolution
		Debug|Any CPU = Debug|Any CPU
		Release|Any CPU = Release|Any CPU
	EndGlobalSection
	GlobalSection(ProjectConfigurationPlatforms) = postSolution
		{0A273D82-6194-4D36-BFF8-94CEBFB6C33D}.Debug|Any CPU.ActiveCfg = Debug|Any CPU
		{0A273D82-6194-4D36-BFF8-94CEBFB6C33D}.Debug|Any CPU.Build.0 = Debug|Any CPU
		{0A273D82-6194-4D36-BFF8-94CEBFB6C33D}.Release|Any CPU.ActiveCfg = Release|Any CPU
		{0A273D82-6194-4D36-BFF8-94CEBFB6C33D}.Release|Any CPU.Build.0 = Release|Any CPU
	EndGlobalSection
EndGlobal
